// !$*UTF8*$!
{
	archiveVersion = 1;
	classes = {
	};
	objectVersion = 46;
	objects = {

/* Begin PBXBuildFile section */
		831141251FD7C430006D5F6C /* catch_and_throw_error.cpp in Sources */ = {isa = PBXBuildFile; fileRef = 831141241FD7C430006D5F6C /* catch_and_throw_error.cpp */; };
		8358B433202581F90039E697 /* monkey kin.cpp in Sources */ = {isa = PBXBuildFile; fileRef = 8358B432202581C40039E697 /* monkey kin.cpp */; };
/* End PBXBuildFile section */

/* Begin PBXCopyFilesBuildPhase section */
		8311410B1FD6C7A3006D5F6C /* CopyFiles */ = {
			isa = PBXCopyFilesBuildPhase;
			buildActionMask = 2147483647;
			dstPath = /usr/share/man/man1/;
			dstSubfolderSpec = 0;
			files = (
			);
			runOnlyForDeploymentPostprocessing = 1;
		};
/* End PBXCopyFilesBuildPhase section */

/* Begin PBXFileReference section */
		8311410D1FD6C7A3006D5F6C /* c_plus_code_test */ = {isa = PBXFileReference; explicitFileType = "compiled.mach-o.executable"; includeInIndex = 0; path = c_plus_code_test; sourceTree = BUILT_PRODUCTS_DIR; };
		831141101FD6C7A3006D5F6C /* main.cpp */ = {isa = PBXFileReference; lastKnownFileType = sourcecode.cpp.cpp; path = main.cpp; sourceTree = "<group>"; };
		831141171FD77F2B006D5F6C /* class.cpp */ = {isa = PBXFileReference; fileEncoding = 4; lastKnownFileType = sourcecode.cpp.cpp; path = class.cpp; sourceTree = "<group>"; };
		8311411D1FD787D5006D5F6C /* repeat.cpp */ = {isa = PBXFileReference; lastKnownFileType = sourcecode.cpp.cpp; path = repeat.cpp; sourceTree = "<group>"; };
		8311411F1FD7BABF006D5F6C /* array_and _point.cpp */ = {isa = PBXFileReference; lastKnownFileType = sourcecode.cpp.cpp; path = "array_and _point.cpp"; sourceTree = "<group>"; };
		831141221FD7C1CC006D5F6C /* file_io.cpp */ = {isa = PBXFileReference; fileEncoding = 4; lastKnownFileType = sourcecode.cpp.cpp; path = file_io.cpp; sourceTree = "<group>"; };
		831141241FD7C430006D5F6C /* catch_and_throw_error.cpp */ = {isa = PBXFileReference; fileEncoding = 4; lastKnownFileType = sourcecode.cpp.cpp; path = catch_and_throw_error.cpp; sourceTree = "<group>"; };
		8358B42F2024AA370039E697 /* single_link.cpp */ = {isa = PBXFileReference; lastKnownFileType = sourcecode.cpp.cpp; path = single_link.cpp; sourceTree = "<group>"; };
		8358B430202576940039E697 /* hash_map.cpp */ = {isa = PBXFileReference; lastKnownFileType = sourcecode.cpp.cpp; path = hash_map.cpp; sourceTree = "<group>"; };
		8358B432202581C40039E697 /* monkey kin.cpp */ = {isa = PBXFileReference; lastKnownFileType = sourcecode.cpp.cpp; path = "monkey kin.cpp"; sourceTree = "<group>"; };
/* End PBXFileReference section */

/* Begin PBXFrameworksBuildPhase section */
		8311410A1FD6C7A3006D5F6C /* Frameworks */ = {
			isa = PBXFrameworksBuildPhase;
			buildActionMask = 2147483647;
			files = (
			);
			runOnlyForDeploymentPostprocessing = 0;
		};
/* End PBXFrameworksBuildPhase section */

/* Begin PBXGroup section */
		831141041FD6C7A3006D5F6C = {
			isa = PBXGroup;
			children = (
				8311410F1FD6C7A3006D5F6C /* c_plus_code_test */,
				8311410E1FD6C7A3006D5F6C /* Products */,
			);
			sourceTree = "<group>";
		};
		8311410E1FD6C7A3006D5F6C /* Products */ = {
			isa = PBXGroup;
			children = (
				8311410D1FD6C7A3006D5F6C /* c_plus_code_test */,
			);
			name = Products;
			sourceTree = "<group>";
		};
		8311410F1FD6C7A3006D5F6C /* c_plus_code_test */ = {
			isa = PBXGroup;
			children = (
				831141101FD6C7A3006D5F6C /* main.cpp */,
				8311411F1FD7BABF006D5F6C /* array_and _point.cpp */,
				831141241FD7C430006D5F6C /* catch_and_throw_error.cpp */,
				831141171FD77F2B006D5F6C /* class.cpp */,
				8311411D1FD787D5006D5F6C /* repeat.cpp */,
				831141221FD7C1CC006D5F6C /* file_io.cpp */,
				8358B42F2024AA370039E697 /* single_link.cpp */,
				8358B430202576940039E697 /* hash_map.cpp */,
				8358B432202581C40039E697 /* monkey kin.cpp */,
			);
			path = c_plus_code_test;
			sourceTree = "<group>";
		};
/* End PBXGroup section */

/* Begin PBXNativeTarget section */
		8311410C1FD6C7A3006D5F6C /* c_plus_code_test */ = {
			isa = PBXNativeTarget;
			buildConfigurationList = 831141141FD6C7A3006D5F6C /* Build configuration list for PBXNativeTarget "c_plus_code_test" */;
			buildPhases = (
				831141091FD6C7A3006D5F6C /* Sources */,
				8311410A1FD6C7A3006D5F6C /* Frameworks */,
				8311410B1FD6C7A3006D5F6C /* CopyFiles */,
			);
			buildRules = (
			);
			dependencies = (
			);
			name = c_plus_code_test;
			productName = c_plus_code_test;
			productReference = 8311410D1FD6C7A3006D5F6C /* c_plus_code_test */;
			productType = "com.apple.product-type.tool";
		};
/* End PBXNativeTarget section */

/* Begin PBXProject section */
		831141051FD6C7A3006D5F6C /* Project object */ = {
			isa = PBXProject;
			attributes = {
				LastUpgradeCheck = 0830;
				ORGANIZATIONNAME = "熊飞";
				TargetAttributes = {
					8311410C1FD6C7A3006D5F6C = {
						CreatedOnToolsVersion = 8.3.3;
						ProvisioningStyle = Automatic;
					};
				};
			};
			buildConfigurationList = 831141081FD6C7A3006D5F6C /* Build configuration list for PBXProject "c_plus_code_test" */;
			compatibilityVersion = "Xcode 3.2";
			developmentRegion = English;
			hasScannedForEncodings = 0;
			knownRegions = (
				en,
			);
			mainGroup = 831141041FD6C7A3006D5F6C;
			productRefGroup = 8311410E1FD6C7A3006D5F6C /* Products */;
			projectDirPath = "";
			projectRoot = "";
			targets = (
				8311410C1FD6C7A3006D5F6C /* c_plus_code_test */,
			);
		};
/* End PBXProject section */

/* Begin PBXSourcesBuildPhase section */
		831141091FD6C7A3006D5F6C /* Sources */ = {
			isa = PBXSourcesBuildPhase;
			buildActionMask = 2147483647;
			files = (
				8358B433202581F90039E697 /* monkey kin.cpp in Sources */,
				831141251FD7C430006D5F6C /* catch_and_throw_error.cpp in Sources */,
			);
			runOnlyForDeploymentPostprocessing = 0;
		};
/* End PBXSourcesBuildPhase section */

/* Begin XCBuildConfiguration section */
		831141121FD6C7A3006D5F6C /* Debug */ = {
			isa = XCBuildConfiguration;
			buildSettings = {
				ALWAYS_SEARCH_USER_PATHS = NO;
				CLANG_ANALYZER_NONNULL = YES;
				CLANG_ANALYZER_NUMBER_OBJECT_CONVERSION = YES_AGGRESSIVE;
				CLANG_CXX_LANGUAGE_STANDARD = "gnu++0x";
				CLANG_CXX_LIBRARY = "libc++";
				CLANG_ENABLE_MODULES = YES;
				CLANG_ENABLE_OBJC_ARC = YES;
				CLANG_WARN_BOOL_CONVERSION = YES;
				CLANG_WARN_CONSTANT_CONVERSION = YES;
				CLANG_WARN_DIRECT_OBJC_ISA_USAGE = YES_ERROR;
				CLANG_WARN_DOCUMENTATION_COMMENTS = YES;
				CLANG_WARN_EMPTY_BODY = YES;
				CLANG_WARN_ENUM_CONVERSION = YES;
				CLANG_WARN_INFINITE_RECURSION = YES;
				CLANG_WARN_INT_CONVERSION = YES;
				CLANG_WARN_OBJC_ROOT_CLASS = YES_ERROR;
				CLANG_WARN_SUSPICIOUS_MOVE = YES;
				CLANG_WARN_UNREACHABLE_CODE = YES;
				CLANG_WARN__DUPLICATE_METHOD_MATCH = YES;
				CODE_SIGN_IDENTITY = "-";
				COPY_PHASE_STRIP = NO;
				DEBUG_INFORMATION_FORMAT = dwarf;
				ENABLE_STRICT_OBJC_MSGSEND = YES;
				ENABLE_TESTABILITY = YES;
				GCC_C_LANGUAGE_STANDARD = gnu99;
				GCC_DYNAMIC_NO_PIC = NO;
				GCC_NO_COMMON_BLOCKS = YES;
				GCC_OPTIMIZATION_LEVEL = 0;
				GCC_PREPROCESSOR_DEFINITIONS = (
					"DEBUG=1",
					"$(inherited)",
				);
				GCC_WARN_64_TO_32_BIT_CONVERSION = YES;
				GCC_WARN_ABOUT_RETURN_TYPE = YES_ERROR;
				GCC_WARN_UNDECLARED_SELECTOR = YES;
				GCC_WARN_UNINITIALIZED_AUTOS = YES_AGGRESSIVE;
				GCC_WARN_UNUSED_FUNCTION = YES;
				GCC_WARN_UNUSED_VARIABLE = YES;
				MACOSX_DEPLOYMENT_TARGET = 10.12;
				MTL_ENABLE_DEBUG_INFO = YES;
				ONLY_ACTIVE_ARCH = YES;
				SDKROOT = macosx;
			};
			name = Debug;
		};
		831141131FD6C7A3006D5F6C /* Release */ = {
			isa = XCBuildConfiguration;
			buildSettings = {
				ALWAYS_SEARCH_USER_PATHS = NO;
				CLANG_ANALYZER_NONNULL = YES;
				CLANG_ANALYZER_NUMBER_OBJECT_CONVERSION = YES_AGGRESSIVE;
				CLANG_CXX_LANGUAGE_STANDARD = "gnu++0x";
				CLANG_CXX_LIBRARY = "libc++";
				CLANG_ENABLE_MODULES = YES;
				CLANG_ENABLE_OBJC_ARC = YES;
				CLANG_WARN_BOOL_CONVERSION = YES;
				CLANG_WARN_CONSTANT_CONVERSION = YES;
				CLANG_WARN_DIRECT_OBJC_ISA_USAGE = YES_ERROR;
				CLANG_WARN_DOCUMENTATION_COMMENTS = YES;
				CLANG_WARN_EMPTY_BODY = YES;
				CLANG_WARN_ENUM_CONVERSION = YES;
				CLANG_WARN_INFINITE_RECURSION = YES;
				CLANG_WARN_INT_CONVERSION = YES;
				CLANG_WARN_OBJC_ROOT_CLASS = YES_ERROR;
				CLANG_WARN_SUSPICIOUS_MOVE = YES;
				CLANG_WARN_UNREACHABLE_CODE = YES;
				CLANG_WARN__DUPLICATE_METHOD_MATCH = YES;
				CODE_SIGN_IDENTITY = "-";
				COPY_PHASE_STRIP = NO;
				DEBUG_INFORMATION_FORMAT = "dwarf-with-dsym";
				ENABLE_NS_ASSERTIONS = NO;
				ENABLE_STRICT_OBJC_MSGSEND = YES;
				GCC_C_LANGUAGE_STANDARD = gnu99;
				GCC_NO_COMMON_BLOCKS = YES;
				GCC_WARN_64_TO_32_BIT_CONVERSION = YES;
				GCC_WARN_ABOUT_RETURN_TYPE = YES_ERROR;
				GCC_WARN_UNDECLARED_SELECTOR = YES;
				GCC_WARN_UNINITIALIZED_AUTOS = YES_AGGRESSIVE;
				GCC_WARN_UNUSED_FUNCTION = YES;
				GCC_WARN_UNUSED_VARIABLE = YES;
				MACOSX_DEPLOYMENT_TARGET = 10.12;
				MTL_ENABLE_DEBUG_INFO = NO;
				SDKROOT = macosx;
			};
			name = Release;
		};
		831141151FD6C7A3006D5F6C /* Debug */ = {
			isa = XCBuildConfiguration;
			buildSettings = {
				PRODUCT_NAME = "$(TARGET_NAME)";
			};
			name = Debug;
		};
		831141161FD6C7A3006D5F6C /* Release */ = {
			isa = XCBuildConfiguration;
			buildSettings = {
				PRODUCT_NAME = "$(TARGET_NAME)";
			};
			name = Release;
		};
/* End XCBuildConfiguration section */

/* Begin XCConfigurationList section */
		831141081FD6C7A3006D5F6C /* Build configuration list for PBXProject "c_plus_code_test" */ = {
			isa = XCConfigurationList;
			buildConfigurations = (
				831141121FD6C7A3006D5F6C /* Debug */,
				831141131FD6C7A3006D5F6C /* Release */,
			);
			defaultConfigurationIsVisible = 0;
			defaultConfigurationName = Release;
		};
		831141141FD6C7A3006D5F6C /* Build configuration list for PBXNativeTarget "c_plus_code_test" */ = {
			isa = XCConfigurationList;
			buildConfigurations = (
				831141151FD6C7A3006D5F6C /* Debug */,
				831141161FD6C7A3006D5F6C /* Release */,
			);
			defaultConfigurationIsVisible = 0;
			defaultConfigurationName = Release;
		};
/* End XCConfigurationList section */
	};
	rootObject = 831141051FD6C7A3006D5F6C /* Project object */;
}
